// !$*UTF8*$!
{
	archiveVersion = 1;
	classes = {
	};
	objectVersion = 48;
	objects = {

/* Begin PBXBuildFile section */
		D38603CC3054EFE4FF17D93F /* Pods_PirateTimes.framework in Frameworks */ = {isa = PBXBuildFile; fileRef = DCF793539841F19C1F8B8465 /* Pods_PirateTimes.framework */; };
		F85E60DD1FC0D79600E7DF25 /* AppDelegate.swift in Sources */ = {isa = PBXBuildFile; fileRef = F85E60DC1FC0D79600E7DF25 /* AppDelegate.swift */; };
		F85E60DF1FC0D79600E7DF25 /* MainViewController.swift in Sources */ = {isa = PBXBuildFile; fileRef = F85E60DE1FC0D79600E7DF25 /* MainViewController.swift */; };
		F85E60E21FC0D79600E7DF25 /* Main.storyboard in Resources */ = {isa = PBXBuildFile; fileRef = F85E60E01FC0D79600E7DF25 /* Main.storyboard */; };
		F85E60E41FC0D79600E7DF25 /* Assets.xcassets in Resources */ = {isa = PBXBuildFile; fileRef = F85E60E31FC0D79600E7DF25 /* Assets.xcassets */; };
		F85E60F31FC0D9D700E7DF25 /* Article.swift in Sources */ = {isa = PBXBuildFile; fileRef = F85E60F21FC0D9D700E7DF25 /* Article.swift */; };
		F85E60F51FC0DA9C00E7DF25 /* FetchArticles.swift in Sources */ = {isa = PBXBuildFile; fileRef = F85E60F41FC0DA9C00E7DF25 /* FetchArticles.swift */; };
		F85E60F71FC0DAAA00E7DF25 /* Constants.swift in Sources */ = {isa = PBXBuildFile; fileRef = F85E60F61FC0DAAA00E7DF25 /* Constants.swift */; };
		F85E60F91FC0DACB00E7DF25 /* MainTableViewController.swift in Sources */ = {isa = PBXBuildFile; fileRef = F85E60F81FC0DACB00E7DF25 /* MainTableViewController.swift */; };
		F85E60FB1FC0DAF200E7DF25 /* WebViewController.swift in Sources */ = {isa = PBXBuildFile; fileRef = F85E60FA1FC0DAF200E7DF25 /* WebViewController.swift */; };
		F87B889C1FC1F06600B1B90C /* MainTableViewCell.swift in Sources */ = {isa = PBXBuildFile; fileRef = F87B889B1FC1F06600B1B90C /* MainTableViewCell.swift */; };
		F87B889F1FC220EE00B1B90C /* PigLatin.swift in Sources */ = {isa = PBXBuildFile; fileRef = F87B889E1FC220EE00B1B90C /* PigLatin.swift */; };
		F87B88BF1FC25C5100B1B90C /* LaunchScreen.storyboard in Resources */ = {isa = PBXBuildFile; fileRef = F87B88BE1FC25C5100B1B90C /* LaunchScreen.storyboard */; };
		F87B88C11FC25D6700B1B90C /* Toast.swift in Sources */ = {isa = PBXBuildFile; fileRef = F87B88C01FC25D6700B1B90C /* Toast.swift */; };
/* End PBXBuildFile section */

/* Begin PBXFileReference section */
		30C2B8EF0EFA6D54A2EFBA1C /* Pods-PirateTimes.release.xcconfig */ = {isa = PBXFileReference; includeInIndex = 1; lastKnownFileType = text.xcconfig; name = "Pods-PirateTimes.release.xcconfig"; path = "Pods/Target Support Files/Pods-PirateTimes/Pods-PirateTimes.release.xcconfig"; sourceTree = "<group>"; };
		69D62D704AB5ED691E0DB4F3 /* Pods-PirateTimes.debug.xcconfig */ = {isa = PBXFileReference; includeInIndex = 1; lastKnownFileType = text.xcconfig; name = "Pods-PirateTimes.debug.xcconfig"; path = "Pods/Target Support Files/Pods-PirateTimes/Pods-PirateTimes.debug.xcconfig"; sourceTree = "<group>"; };
		DCF793539841F19C1F8B8465 /* Pods_PirateTimes.framework */ = {isa = PBXFileReference; explicitFileType = wrapper.framework; includeInIndex = 0; path = Pods_PirateTimes.framework; sourceTree = BUILT_PRODUCTS_DIR; };
		F85E60D91FC0D79500E7DF25 /* PirateTimes.app */ = {isa = PBXFileReference; explicitFileType = wrapper.application; includeInIndex = 0; path = PirateTimes.app; sourceTree = BUILT_PRODUCTS_DIR; };
		F85E60DC1FC0D79600E7DF25 /* AppDelegate.swift */ = {isa = PBXFileReference; lastKnownFileType = sourcecode.swift; path = AppDelegate.swift; sourceTree = "<group>"; };
		F85E60DE1FC0D79600E7DF25 /* MainViewController.swift */ = {isa = PBXFileReference; lastKnownFileType = sourcecode.swift; path = MainViewController.swift; sourceTree = "<group>"; };
		F85E60E11FC0D79600E7DF25 /* Base */ = {isa = PBXFileReference; lastKnownFileType = file.storyboard; name = Base; path = Base.lproj/Main.storyboard; sourceTree = "<group>"; };
		F85E60E31FC0D79600E7DF25 /* Assets.xcassets */ = {isa = PBXFileReference; lastKnownFileType = folder.assetcatalog; path = Assets.xcassets; sourceTree = "<group>"; };
		F85E60E81FC0D79600E7DF25 /* Info.plist */ = {isa = PBXFileReference; lastKnownFileType = text.plist.xml; path = Info.plist; sourceTree = "<group>"; };
		F85E60F21FC0D9D700E7DF25 /* Article.swift */ = {isa = PBXFileReference; lastKnownFileType = sourcecode.swift; path = Article.swift; sourceTree = "<group>"; };
		F85E60F41FC0DA9C00E7DF25 /* FetchArticles.swift */ = {isa = PBXFileReference; lastKnownFileType = sourcecode.swift; path = FetchArticles.swift; sourceTree = "<group>"; };
		F85E60F61FC0DAAA00E7DF25 /* Constants.swift */ = {isa = PBXFileReference; lastKnownFileType = sourcecode.swift; path = Constants.swift; sourceTree = "<group>"; };
		F85E60F81FC0DACB00E7DF25 /* MainTableViewController.swift */ = {isa = PBXFileReference; lastKnownFileType = sourcecode.swift; path = MainTableViewController.swift; sourceTree = "<group>"; };
		F85E60FA1FC0DAF200E7DF25 /* WebViewController.swift */ = {isa = PBXFileReference; lastKnownFileType = sourcecode.swift; path = WebViewController.swift; sourceTree = "<group>"; };
		F87B889B1FC1F06600B1B90C /* MainTableViewCell.swift */ = {isa = PBXFileReference; lastKnownFileType = sourcecode.swift; path = MainTableViewCell.swift; sourceTree = "<group>"; };
		F87B889E1FC220EE00B1B90C /* PigLatin.swift */ = {isa = PBXFileReference; lastKnownFileType = sourcecode.swift; path = PigLatin.swift; sourceTree = "<group>"; };
		F87B88BE1FC25C5100B1B90C /* LaunchScreen.storyboard */ = {isa = PBXFileReference; fileEncoding = 4; lastKnownFileType = file.storyboard; path = LaunchScreen.storyboard; sourceTree = "<group>"; };
		F87B88C01FC25D6700B1B90C /* Toast.swift */ = {isa = PBXFileReference; fileEncoding = 4; lastKnownFileType = sourcecode.swift; path = Toast.swift; sourceTree = "<group>"; };
/* End PBXFileReference section */

/* Begin PBXFrameworksBuildPhase section */
		F85E60D61FC0D79500E7DF25 /* Frameworks */ = {
			isa = PBXFrameworksBuildPhase;
			buildActionMask = 2147483647;
			files = (
				D38603CC3054EFE4FF17D93F /* Pods_PirateTimes.framework in Frameworks */,
			);
			runOnlyForDeploymentPostprocessing = 0;
		};
/* End PBXFrameworksBuildPhase section */

/* Begin PBXGroup section */
		6F45172B8D991DF2E8F498AA /* Pods */ = {
			isa = PBXGroup;
			children = (
				69D62D704AB5ED691E0DB4F3 /* Pods-PirateTimes.debug.xcconfig */,
				30C2B8EF0EFA6D54A2EFBA1C /* Pods-PirateTimes.release.xcconfig */,
			);
			name = Pods;
			sourceTree = "<group>";
		};
		ED16B860267D73F262D7120E /* Frameworks */ = {
			isa = PBXGroup;
			children = (
				DCF793539841F19C1F8B8465 /* Pods_PirateTimes.framework */,
			);
			name = Frameworks;
			sourceTree = "<group>";
		};
		F85E60D01FC0D79500E7DF25 = {
			isa = PBXGroup;
			children = (
				F85E60DB1FC0D79500E7DF25 /* PirateTimes */,
				F85E60DA1FC0D79500E7DF25 /* Products */,
				6F45172B8D991DF2E8F498AA /* Pods */,
				ED16B860267D73F262D7120E /* Frameworks */,
			);
			sourceTree = "<group>";
		};
		F85E60DA1FC0D79500E7DF25 /* Products */ = {
			isa = PBXGroup;
			children = (
				F85E60D91FC0D79500E7DF25 /* PirateTimes.app */,
			);
			name = Products;
			sourceTree = "<group>";
		};
		F85E60DB1FC0D79500E7DF25 /* PirateTimes */ = {
			isa = PBXGroup;
			children = (
				F87B889D1FC220D800B1B90C /* Translators */,
				F85E60F11FC0D8EF00E7DF25 /* View Controllers */,
				F85E60F01FC0D8E700E7DF25 /* Networking */,
				F85E60EF1FC0D8E200E7DF25 /* Model */,
				F85E60EE1FC0D8D800E7DF25 /* Supporting Files */,
				F85E60E01FC0D79600E7DF25 /* Main.storyboard */,
				F85E60E81FC0D79600E7DF25 /* Info.plist */,
			);
			path = PirateTimes;
			sourceTree = "<group>";
		};
		F85E60EE1FC0D8D800E7DF25 /* Supporting Files */ = {
			isa = PBXGroup;
			children = (
				F87B88C01FC25D6700B1B90C /* Toast.swift */,
				F87B88BE1FC25C5100B1B90C /* LaunchScreen.storyboard */,
				F85E60DC1FC0D79600E7DF25 /* AppDelegate.swift */,
				F85E60E31FC0D79600E7DF25 /* Assets.xcassets */,
			);
			path = "Supporting Files";
			sourceTree = "<group>";
		};
		F85E60EF1FC0D8E200E7DF25 /* Model */ = {
			isa = PBXGroup;
			children = (
				F85E60F21FC0D9D700E7DF25 /* Article.swift */,
			);
			path = Model;
			sourceTree = "<group>";
		};
		F85E60F01FC0D8E700E7DF25 /* Networking */ = {
			isa = PBXGroup;
			children = (
				F85E60F41FC0DA9C00E7DF25 /* FetchArticles.swift */,
				F85E60F61FC0DAAA00E7DF25 /* Constants.swift */,
			);
			path = Networking;
			sourceTree = "<group>";
		};
		F85E60F11FC0D8EF00E7DF25 /* View Controllers */ = {
			isa = PBXGroup;
			children = (
				F87B88C21FC3070900B1B90C /* Cells */,
				F85E60DE1FC0D79600E7DF25 /* MainViewController.swift */,
				F85E60F81FC0DACB00E7DF25 /* MainTableViewController.swift */,
				F85E60FA1FC0DAF200E7DF25 /* WebViewController.swift */,
			);
			path = "View Controllers";
			sourceTree = "<group>";
		};
		F87B889D1FC220D800B1B90C /* Translators */ = {
			isa = PBXGroup;
			children = (
				F87B889E1FC220EE00B1B90C /* PigLatin.swift */,
			);
			path = Translators;
			sourceTree = "<group>";
		};
		F87B88C21FC3070900B1B90C /* Cells */ = {
			isa = PBXGroup;
			children = (
				F87B889B1FC1F06600B1B90C /* MainTableViewCell.swift */,
			);
			path = Cells;
			sourceTree = "<group>";
		};
/* End PBXGroup section */

/* Begin PBXNativeTarget section */
		F85E60D81FC0D79500E7DF25 /* PirateTimes */ = {
			isa = PBXNativeTarget;
			buildConfigurationList = F85E60EB1FC0D79600E7DF25 /* Build configuration list for PBXNativeTarget "PirateTimes" */;
			buildPhases = (
				A6F2CA9023896C178E65160A /* [CP] Check Pods Manifest.lock */,
				F85E60D51FC0D79500E7DF25 /* Sources */,
				F85E60D61FC0D79500E7DF25 /* Frameworks */,
				F85E60D71FC0D79500E7DF25 /* Resources */,
				AC44CCAEB39AC3A8910775C7 /* [CP] Embed Pods Frameworks */,
				33E451FF283B5670CDD4BA84 /* [CP] Copy Pods Resources */,
			);
			buildRules = (
			);
			dependencies = (
			);
			name = PirateTimes;
			productName = PirateTimes;
			productReference = F85E60D91FC0D79500E7DF25 /* PirateTimes.app */;
			productType = "com.apple.product-type.application";
		};
/* End PBXNativeTarget section */

/* Begin PBXProject section */
		F85E60D11FC0D79500E7DF25 /* Project object */ = {
			isa = PBXProject;
			attributes = {
				LastSwiftUpdateCheck = 0910;
				LastUpgradeCheck = 0910;
				ORGANIZATIONNAME = "Edmund Trujillo";
				TargetAttributes = {
					F85E60D81FC0D79500E7DF25 = {
						CreatedOnToolsVersion = 9.1;
						ProvisioningStyle = Automatic;
					};
				};
			};
			buildConfigurationList = F85E60D41FC0D79500E7DF25 /* Build configuration list for PBXProject "PirateTimes" */;
			compatibilityVersion = "Xcode 8.0";
			developmentRegion = en;
			hasScannedForEncodings = 0;
			knownRegions = (
				en,
				Base,
			);
			mainGroup = F85E60D01FC0D79500E7DF25;
			productRefGroup = F85E60DA1FC0D79500E7DF25 /* Products */;
			projectDirPath = "";
			projectRoot = "";
			targets = (
				F85E60D81FC0D79500E7DF25 /* PirateTimes */,
			);
		};
/* End PBXProject section */

/* Begin PBXResourcesBuildPhase section */
		F85E60D71FC0D79500E7DF25 /* Resources */ = {
			isa = PBXResourcesBuildPhase;
			buildActionMask = 2147483647;
			files = (
				F87B88BF1FC25C5100B1B90C /* LaunchScreen.storyboard in Resources */,
				F85E60E41FC0D79600E7DF25 /* Assets.xcassets in Resources */,
				F85E60E21FC0D79600E7DF25 /* Main.storyboard in Resources */,
			);
			runOnlyForDeploymentPostprocessing = 0;
		};
/* End PBXResourcesBuildPhase section */

/* Begin PBXShellScriptBuildPhase section */
		33E451FF283B5670CDD4BA84 /* [CP] Copy Pods Resources */ = {
			isa = PBXShellScriptBuildPhase;
			buildActionMask = 2147483647;
			files = (
			);
			inputPaths = (
			);
			name = "[CP] Copy Pods Resources";
			outputPaths = (
			);
			runOnlyForDeploymentPostprocessing = 0;
			shellPath = /bin/sh;
			shellScript = "\"${SRCROOT}/Pods/Target Support Files/Pods-PirateTimes/Pods-PirateTimes-resources.sh\"\n";
			showEnvVarsInLog = 0;
		};
		A6F2CA9023896C178E65160A /* [CP] Check Pods Manifest.lock */ = {
			isa = PBXShellScriptBuildPhase;
			buildActionMask = 2147483647;
			files = (
			);
			inputPaths = (
				"${PODS_PODFILE_DIR_PATH}/Podfile.lock",
				"${PODS_ROOT}/Manifest.lock",
			);
			name = "[CP] Check Pods Manifest.lock";
			outputPaths = (
				"$(DERIVED_FILE_DIR)/Pods-PirateTimes-checkManifestLockResult.txt",
			);
			runOnlyForDeploymentPostprocessing = 0;
			shellPath = /bin/sh;
			shellScript = "diff \"${PODS_PODFILE_DIR_PATH}/Podfile.lock\" \"${PODS_ROOT}/Manifest.lock\" > /dev/null\nif [ $? != 0 ] ; then\n    # print error to STDERR\n    echo \"error: The sandbox is not in sync with the Podfile.lock. Run 'pod install' or update your CocoaPods installation.\" >&2\n    exit 1\nfi\n# This output is used by Xcode 'outputs' to avoid re-running this script phase.\necho \"SUCCESS\" > \"${SCRIPT_OUTPUT_FILE_0}\"\n";
			showEnvVarsInLog = 0;
		};
		AC44CCAEB39AC3A8910775C7 /* [CP] Embed Pods Frameworks */ = {
			isa = PBXShellScriptBuildPhase;
			buildActionMask = 2147483647;
			files = (
			);
			inputPaths = (
				"${SRCROOT}/Pods/Target Support Files/Pods-PirateTimes/Pods-PirateTimes-frameworks.sh",
				"${BUILT_PRODUCTS_DIR}/Alamofire/Alamofire.framework",
				"${BUILT_PRODUCTS_DIR}/Kingfisher/Kingfisher.framework",
				"${BUILT_PRODUCTS_DIR}/SwiftyJSON/SwiftyJSON.framework",
			);
			name = "[CP] Embed Pods Frameworks";
			outputPaths = (
				"${TARGET_BUILD_DIR}/${FRAMEWORKS_FOLDER_PATH}/Alamofire.framework",
				"${TARGET_BUILD_DIR}/${FRAMEWORKS_FOLDER_PATH}/Kingfisher.framework",
				"${TARGET_BUILD_DIR}/${FRAMEWORKS_FOLDER_PATH}/SwiftyJSON.framework",
			);
			runOnlyForDeploymentPostprocessing = 0;
			shellPath = /bin/sh;
			shellScript = "\"${SRCROOT}/Pods/Target Support Files/Pods-PirateTimes/Pods-PirateTimes-frameworks.sh\"\n";
			showEnvVarsInLog = 0;
		};
/* End PBXShellScriptBuildPhase section */

/* Begin PBXSourcesBuildPhase section */
		F85E60D51FC0D79500E7DF25 /* Sources */ = {
			isa = PBXSourcesBuildPhase;
			buildActionMask = 2147483647;
			files = (
				F85E60F71FC0DAAA00E7DF25 /* Constants.swift in Sources */,
				F85E60DF1FC0D79600E7DF25 /* MainViewController.swift in Sources */,
				F87B889C1FC1F06600B1B90C /* MainTableViewCell.swift in Sources */,
				F87B889F1FC220EE00B1B90C /* PigLatin.swift in Sources */,
				F85E60DD1FC0D79600E7DF25 /* AppDelegate.swift in Sources */,
				F85E60F31FC0D9D700E7DF25 /* Article.swift in Sources */,
				F85E60FB1FC0DAF200E7DF25 /* WebViewController.swift in Sources */,
				F87B88C11FC25D6700B1B90C /* Toast.swift in Sources */,
				F85E60F91FC0DACB00E7DF25 /* MainTableViewController.swift in Sources */,
				F85E60F51FC0DA9C00E7DF25 /* FetchArticles.swift in Sources */,
			);
			runOnlyForDeploymentPostprocessing = 0;
		};
/* End PBXSourcesBuildPhase section */

/* Begin PBXVariantGroup section */
		F85E60E01FC0D79600E7DF25 /* Main.storyboard */ = {
			isa = PBXVariantGroup;
			children = (
				F85E60E11FC0D79600E7DF25 /* Base */,
			);
			name = Main.storyboard;
			sourceTree = "<group>";
		};
/* End PBXVariantGroup section */

/* Begin XCBuildConfiguration section */
		F85E60E91FC0D79600E7DF25 /* Debug */ = {
			isa = XCBuildConfiguration;
			buildSettings = {
				ALWAYS_SEARCH_USER_PATHS = NO;
				CLANG_ANALYZER_NONNULL = YES;
				CLANG_ANALYZER_NUMBER_OBJECT_CONVERSION = YES_AGGRESSIVE;
				CLANG_CXX_LANGUAGE_STANDARD = "gnu++14";
				CLANG_CXX_LIBRARY = "libc++";
				CLANG_ENABLE_MODULES = YES;
				CLANG_ENABLE_OBJC_ARC = YES;
				CLANG_WARN_BLOCK_CAPTURE_AUTORELEASING = YES;
				CLANG_WARN_BOOL_CONVERSION = YES;
				CLANG_WARN_COMMA = YES;
				CLANG_WARN_CONSTANT_CONVERSION = YES;
				CLANG_WARN_DIRECT_OBJC_ISA_USAGE = YES_ERROR;
				CLANG_WARN_DOCUMENTATION_COMMENTS = YES;
				CLANG_WARN_EMPTY_BODY = YES;
				CLANG_WARN_ENUM_CONVERSION = YES;
				CLANG_WARN_INFINITE_RECURSION = YES;
				CLANG_WARN_INT_CONVERSION = YES;
				CLANG_WARN_NON_LITERAL_NULL_CONVERSION = YES;
				CLANG_WARN_OBJC_LITERAL_CONVERSION = YES;
				CLANG_WARN_OBJC_ROOT_CLASS = YES_ERROR;
				CLANG_WARN_RANGE_LOOP_ANALYSIS = YES;
				CLANG_WARN_STRICT_PROTOTYPES = YES;
				CLANG_WARN_SUSPICIOUS_MOVE = YES;
				CLANG_WARN_UNGUARDED_AVAILABILITY = YES_AGGRESSIVE;
				CLANG_WARN_UNREACHABLE_CODE = YES;
				CLANG_WARN__DUPLICATE_METHOD_MATCH = YES;
				CODE_SIGN_IDENTITY = "iPhone Developer";
				COPY_PHASE_STRIP = NO;
				DEBUG_INFORMATION_FORMAT = dwarf;
				ENABLE_STRICT_OBJC_MSGSEND = YES;
				ENABLE_TESTABILITY = YES;
				GCC_C_LANGUAGE_STANDARD = gnu11;
				GCC_DYNAMIC_NO_PIC = NO;
				GCC_NO_COMMON_BLOCKS = YES;
				GCC_OPTIMIZATION_LEVEL = 0;
				GCC_PREPROCESSOR_DEFINITIONS = (
					"DEBUG=1",
					"$(inherited)",
				);
				GCC_WARN_64_TO_32_BIT_CONVERSION = YES;
				GCC_WARN_ABOUT_RETURN_TYPE = YES_ERROR;
				GCC_WARN_UNDECLARED_SELECTOR = YES;
				GCC_WARN_UNINITIALIZED_AUTOS = YES_AGGRESSIVE;
				GCC_WARN_UNUSED_FUNCTION = YES;
				GCC_WARN_UNUSED_VARIABLE = YES;
				IPHONEOS_DEPLOYMENT_TARGET = 11.1;
				MTL_ENABLE_DEBUG_INFO = YES;
				ONLY_ACTIVE_ARCH = YES;
				SDKROOT = iphoneos;
				SWIFT_ACTIVE_COMPILATION_CONDITIONS = DEBUG;
				SWIFT_OPTIMIZATION_LEVEL = "-Onone";
			};
			name = Debug;
		};
		F85E60EA1FC0D79600E7DF25 /* Release */ = {
			isa = XCBuildConfiguration;
			buildSettings = {
				ALWAYS_SEARCH_USER_PATHS = NO;
				CLANG_ANALYZER_NONNULL = YES;
				CLANG_ANALYZER_NUMBER_OBJECT_CONVERSION = YES_AGGRESSIVE;
				CLANG_CXX_LANGUAGE_STANDARD = "gnu++14";
				CLANG_CXX_LIBRARY = "libc++";
				CLANG_ENABLE_MODULES = YES;
				CLANG_ENABLE_OBJC_ARC = YES;
				CLANG_WARN_BLOCK_CAPTURE_AUTORELEASING = YES;
				CLANG_WARN_BOOL_CONVERSION = YES;
				CLANG_WARN_COMMA = YES;
				CLANG_WARN_CONSTANT_CONVERSION = YES;
				CLANG_WARN_DIRECT_OBJC_ISA_USAGE = YES_ERROR;
				CLANG_WARN_DOCUMENTATION_COMMENTS = YES;
				CLANG_WARN_EMPTY_BODY = YES;
				CLANG_WARN_ENUM_CONVERSION = YES;
				CLANG_WARN_INFINITE_RECURSION = YES;
				CLANG_WARN_INT_CONVERSION = YES;
				CLANG_WARN_NON_LITERAL_NULL_CONVERSION = YES;
				CLANG_WARN_OBJC_LITERAL_CONVERSION = YES;
				CLANG_WARN_OBJC_ROOT_CLASS = YES_ERROR;
				CLANG_WARN_RANGE_LOOP_ANALYSIS = YES;
				CLANG_WARN_STRICT_PROTOTYPES = YES;
				CLANG_WARN_SUSPICIOUS_MOVE = YES;
				CLANG_WARN_UNGUARDED_AVAILABILITY = YES_AGGRESSIVE;
				CLANG_WARN_UNREACHABLE_CODE = YES;
				CLANG_WARN__DUPLICATE_METHOD_MATCH = YES;
				CODE_SIGN_IDENTITY = "iPhone Developer";
				COPY_PHASE_STRIP = NO;
				DEBUG_INFORMATION_FORMAT = "dwarf-with-dsym";
				ENABLE_NS_ASSERTIONS = NO;
				ENABLE_STRICT_OBJC_MSGSEND = YES;
				GCC_C_LANGUAGE_STANDARD = gnu11;
				GCC_NO_COMMON_BLOCKS = YES;
				GCC_WARN_64_TO_32_BIT_CONVERSION = YES;
				GCC_WARN_ABOUT_RETURN_TYPE = YES_ERROR;
				GCC_WARN_UNDECLARED_SELECTOR = YES;
				GCC_WARN_UNINITIALIZED_AUTOS = YES_AGGRESSIVE;
				GCC_WARN_UNUSED_FUNCTION = YES;
				GCC_WARN_UNUSED_VARIABLE = YES;
				IPHONEOS_DEPLOYMENT_TARGET = 11.1;
				MTL_ENABLE_DEBUG_INFO = NO;
				SDKROOT = iphoneos;
				SWIFT_OPTIMIZATION_LEVEL = "-Owholemodule";
				VALIDATE_PRODUCT = YES;
			};
			name = Release;
		};
		F85E60EC1FC0D79600E7DF25 /* Debug */ = {
			isa = XCBuildConfiguration;
			baseConfigurationReference = 69D62D704AB5ED691E0DB4F3 /* Pods-PirateTimes.debug.xcconfig */;
			buildSettings = {
				ASSETCATALOG_COMPILER_APPICON_NAME = AppIcon;
				CODE_SIGN_STYLE = Automatic;
				DEVELOPMENT_TEAM = W9G7RU2FMC;
				INFOPLIST_FILE = PirateTimes/Info.plist;
				LD_RUNPATH_SEARCH_PATHS = "$(inherited) @executable_path/Frameworks";
				PRODUCT_BUNDLE_IDENTIFIER = com.contactplus.edtrujillo.PirateTimes;
				PRODUCT_NAME = "$(TARGET_NAME)";
				SWIFT_VERSION = 4.0;
				TARGETED_DEVICE_FAMILY = "1,2";
			};
			name = Debug;
		};
		F85E60ED1FC0D79600E7DF25 /* Release */ = {
			isa = XCBuildConfiguration;
			baseConfigurationReference = 30C2B8EF0EFA6D54A2EFBA1C /* Pods-PirateTimes.release.xcconfig */;
			buildSettings = {
				ASSETCATALOG_COMPILER_APPICON_NAME = AppIcon;
				CODE_SIGN_STYLE = Automatic;
				DEVELOPMENT_TEAM = W9G7RU2FMC;
				INFOPLIST_FILE = PirateTimes/Info.plist;
				LD_RUNPATH_SEARCH_PATHS = "$(inherited) @executable_path/Frameworks";
				PRODUCT_BUNDLE_IDENTIFIER = com.contactplus.edtrujillo.PirateTimes;
				PRODUCT_NAME = "$(TARGET_NAME)";
				SWIFT_VERSION = 4.0;
				TARGETED_DEVICE_FAMILY = "1,2";
			};
			name = Release;
		};
/* End XCBuildConfiguration section */

/* Begin XCConfigurationList section */
		F85E60D41FC0D79500E7DF25 /* Build configuration list for PBXProject "PirateTimes" */ = {
			isa = XCConfigurationList;
			buildConfigurations = (
				F85E60E91FC0D79600E7DF25 /* Debug */,
				F85E60EA1FC0D79600E7DF25 /* Release */,
			);
			defaultConfigurationIsVisible = 0;
			defaultConfigurationName = Release;
		};
		F85E60EB1FC0D79600E7DF25 /* Build configuration list for PBXNativeTarget "PirateTimes" */ = {
			isa = XCConfigurationList;
			buildConfigurations = (
				F85E60EC1FC0D79600E7DF25 /* Debug */,
				F85E60ED1FC0D79600E7DF25 /* Release */,
			);
			defaultConfigurationIsVisible = 0;
			defaultConfigurationName = Release;
		};
/* End XCConfigurationList section */
	};
	rootObject = F85E60D11FC0D79500E7DF25 /* Project object */;
}
